
Microsoft Visual Studio Solution File, Format Version 12.00
# Visual Studio Version 17
VisualStudioVersion = 17.7.34024.191
MinimumVisualStudioVersion = 10.0.40219.1
Project("{FAE04EC0-301F-11D3-BF4B-00C04F79EFBC}") = "Entidades", "Entidades\Entidades.csproj", "{0BFBDC28-1D15-4F82-987D-EE9C9D42B730}"
EndProject
Project("{FAE04EC0-301F-11D3-BF4B-00C04F79EFBC}") = "MiCalculadora", "MiCalculadora\MiCalculadora.csproj", "{17479BC7-ED79-4587-A9E3-C103FB0F42BF}"
EndProject
Global
	GlobalSection(SolutionConfigurationPlatforms) = preSolution
		Debug|Any CPU = Debug|Any CPU
		Release|Any CPU = Release|Any CPU
	EndGlobalSection
	GlobalSection(ProjectConfigurationPlatforms) = postSolution
		{0BFBDC28-1D15-4F82-987D-EE9C9D42B730}.Debug|Any CPU.ActiveCfg = Debug|Any CPU
		{0BFBDC28-1D15-4F82-987D-EE9C9D42B730}.Debug|Any CPU.Build.0 = Debug|Any CPU
		{0BFBDC28-1D15-4F82-987D-EE9C9D42B730}.Release|Any CPU.ActiveCfg = Release|Any CPU
		{0BFBDC28-1D15-4F82-987D-EE9C9D42B730}.Release|Any CPU.Build.0 = Release|Any CPU
		{17479BC7-ED79-4587-A9E3-C103FB0F42BF}.Debug|Any CPU.ActiveCfg = Debug|Any CPU
		{17479BC7-ED79-4587-A9E3-C103FB0F42BF}.Debug|Any CPU.Build.0 = Debug|Any CPU
		{17479BC7-ED79-4587-A9E3-C103FB0F42BF}.Release|Any CPU.ActiveCfg = Release|Any CPU
		{17479BC7-ED79-4587-A9E3-C103FB0F42BF}.Release|Any CPU.Build.0 = Release|Any CPU
	EndGlobalSection
	GlobalSection(SolutionProperties) = preSolution
		HideSolutionNode = FALSE
	EndGlobalSection
	GlobalSection(ExtensibilityGlobals) = postSolution
		SolutionGuid = {1028E3FF-AFC4-432D-AB43-4AAAE19B0D4A}
	EndGlobalSection
EndGlobal
